{
    "version": 3,
    "terraform_version": "0.11.6",
    "serial": 2,
    "lineage": "ca83698a-51f4-e557-0774-8ff0ad88699d",
    "modules": [
        {
            "path": [
                "root"
            ],
            "outputs": {},
            "resources": {
                "data.vsphere_datacenter.dc": {
                    "type": "vsphere_datacenter",
                    "depends_on": [],
                    "primary": {
                        "id": "datacenter-16",
                        "attributes": {
                            "id": "datacenter-16",
                            "name": "Rivendell-Datacenter"
                        },
                        "meta": {},
                        "tainted": false
                    },
                    "deposed": [],
                    "provider": "provider.vsphere"
                },
                "data.vsphere_datastore.datastore": {
                    "type": "vsphere_datastore",
                    "depends_on": [
                        "data.vsphere_datacenter.dc"
                    ],
                    "primary": {
                        "id": "datastore-69",
                        "attributes": {
                            "datacenter_id": "datacenter-16",
                            "id": "datastore-69",
                            "name": "host2-datastore"
                        },
                        "meta": {},
                        "tainted": false
                    },
                    "deposed": [],
                    "provider": "provider.vsphere"
                },
                "data.vsphere_network.network": {
                    "type": "vsphere_network",
                    "depends_on": [
                        "data.vsphere_datacenter.dc"
                    ],
                    "primary": {
                        "id": "network-64",
                        "attributes": {
                            "datacenter_id": "datacenter-16",
                            "id": "network-64",
                            "name": "VM Network",
                            "type": "Network"
                        },
                        "meta": {},
                        "tainted": false
                    },
                    "deposed": [],
                    "provider": "provider.vsphere"
                },
                "data.vsphere_network.network1": {
                    "type": "vsphere_network",
                    "depends_on": [
                        "data.vsphere_datacenter.dc"
                    ],
                    "primary": {
                        "id": "dvportgroup-165",
                        "attributes": {
                            "datacenter_id": "datacenter-16",
                            "id": "dvportgroup-165",
                            "name": "ia462project",
                            "type": "DistributedVirtualPortgroup"
                        },
                        "meta": {},
                        "tainted": false
                    },
                    "deposed": [],
                    "provider": "provider.vsphere"
                },
                "data.vsphere_resource_pool.pool": {
                    "type": "vsphere_resource_pool",
                    "depends_on": [
                        "data.vsphere_datacenter.dc"
                    ],
                    "primary": {
                        "id": "resgroup-181",
                        "attributes": {
                            "datacenter_id": "datacenter-16",
                            "id": "resgroup-181",
                            "name": "testForProject"
                        },
                        "meta": {},
                        "tainted": false
                    },
                    "deposed": [],
                    "provider": "provider.vsphere"
                },
                "data.vsphere_virtual_machine.template": {
                    "type": "vsphere_virtual_machine",
                    "depends_on": [
                        "data.vsphere_datacenter.dc"
                    ],
                    "primary": {
                        "id": "420ab449-a28c-b858-1acd-fb365282de64",
                        "attributes": {
                            "alternate_guest_name": "",
                            "datacenter_id": "datacenter-16",
                            "disks.#": "1",
                            "disks.0.eagerly_scrub": "false",
                            "disks.0.size": "16",
                            "disks.0.thin_provisioned": "false",
                            "guest_id": "ubuntu64Guest",
                            "id": "420ab449-a28c-b858-1acd-fb365282de64",
                            "name": "ubuntuTemplate",
                            "network_interface_types.#": "1",
                            "network_interface_types.0": "vmxnet3",
                            "scsi_controller_scan_count": "1",
                            "scsi_type": "lsilogic"
                        },
                        "meta": {},
                        "tainted": false
                    },
                    "deposed": [],
                    "provider": "provider.vsphere"
                },
                "data.vsphere_virtual_machine.template1": {
                    "type": "vsphere_virtual_machine",
                    "depends_on": [
                        "data.vsphere_datacenter.dc"
                    ],
                    "primary": {
                        "id": "420a511c-e2b2-5123-92a7-d870e779fddd",
                        "attributes": {
                            "alternate_guest_name": "",
                            "datacenter_id": "datacenter-16",
                            "disks.#": "1",
                            "disks.0.eagerly_scrub": "false",
                            "disks.0.size": "15",
                            "disks.0.thin_provisioned": "false",
                            "guest_id": "freebsd64Guest",
                            "id": "420a511c-e2b2-5123-92a7-d870e779fddd",
                            "name": "pfsenseTemplate",
                            "network_interface_types.#": "2",
                            "network_interface_types.0": "e1000",
                            "network_interface_types.1": "e1000",
                            "scsi_controller_scan_count": "1",
                            "scsi_type": "lsilogic"
                        },
                        "meta": {},
                        "tainted": false
                    },
                    "deposed": [],
                    "provider": "provider.vsphere"
                },
                "data.vsphere_virtual_machine.template2": {
                    "type": "vsphere_virtual_machine",
                    "depends_on": [
                        "data.vsphere_datacenter.dc"
                    ],
                    "primary": {
                        "id": "420a5487-3a8a-28e4-b174-371a72955674",
                        "attributes": {
                            "alternate_guest_name": "",
                            "datacenter_id": "datacenter-16",
                            "disks.#": "1",
                            "disks.0.eagerly_scrub": "false",
                            "disks.0.size": "16",
                            "disks.0.thin_provisioned": "false",
                            "guest_id": "centos7_64Guest",
                            "id": "420a5487-3a8a-28e4-b174-371a72955674",
                            "name": "gitTemplate",
                            "network_interface_types.#": "1",
                            "network_interface_types.0": "vmxnet3",
                            "scsi_controller_scan_count": "1",
                            "scsi_type": "pvscsi"
                        },
                        "meta": {},
                        "tainted": false
                    },
                    "deposed": [],
                    "provider": "provider.vsphere"
                },
                "data.vsphere_virtual_machine.template3": {
                    "type": "vsphere_virtual_machine",
                    "depends_on": [
                        "data.vsphere_datacenter.dc"
                    ],
                    "primary": {
                        "id": "420a462b-457a-73ae-b67a-cdbd3478ee07",
                        "attributes": {
                            "alternate_guest_name": "",
                            "datacenter_id": "datacenter-16",
                            "disks.#": "1",
                            "disks.0.eagerly_scrub": "false",
                            "disks.0.size": "20",
                            "disks.0.thin_provisioned": "false",
                            "guest_id": "centos7_64Guest",
                            "id": "420a462b-457a-73ae-b67a-cdbd3478ee07",
                            "name": "splunkTemplate",
                            "network_interface_types.#": "1",
                            "network_interface_types.0": "vmxnet3",
                            "scsi_controller_scan_count": "1",
                            "scsi_type": "pvscsi"
                        },
                        "meta": {},
                        "tainted": false
                    },
                    "deposed": [],
                    "provider": "provider.vsphere"
                },
                "data.vsphere_virtual_machine.template4": {
                    "type": "vsphere_virtual_machine",
                    "depends_on": [
                        "data.vsphere_datacenter.dc"
                    ],
                    "primary": {
                        "id": "420a2526-a3df-96e4-f8f9-84de03fed468",
                        "attributes": {
                            "alternate_guest_name": "",
                            "datacenter_id": "datacenter-16",
                            "disks.#": "1",
                            "disks.0.eagerly_scrub": "false",
                            "disks.0.size": "16",
                            "disks.0.thin_provisioned": "false",
                            "guest_id": "centos7_64Guest",
                            "id": "420a2526-a3df-96e4-f8f9-84de03fed468",
                            "name": "webTemplate",
                            "network_interface_types.#": "1",
                            "network_interface_types.0": "vmxnet3",
                            "scsi_controller_scan_count": "1",
                            "scsi_type": "pvscsi"
                        },
                        "meta": {},
                        "tainted": false
                    },
                    "deposed": [],
                    "provider": "provider.vsphere"
                },
                "vsphere_virtual_machine.git": {
                    "type": "vsphere_virtual_machine",
                    "depends_on": [
                        "data.vsphere_datastore.datastore",
                        "data.vsphere_network.network1",
                        "data.vsphere_resource_pool.pool",
                        "data.vsphere_virtual_machine.template2"
                    ],
                    "primary": {
                        "id": "420ade7f-04eb-6c73-07a1-f893c0eba08c",
                        "attributes": {
                            "boot_retry_delay": "10000",
                            "cdrom.#": "0",
                            "clone.#": "1",
                            "clone.0.customize.#": "0",
                            "clone.0.linked_clone": "false",
                            "clone.0.template_uuid": "420a5487-3a8a-28e4-b174-371a72955674",
                            "clone.0.timeout": "30",
                            "cpu_limit": "-1",
                            "cpu_share_level": "normal",
                            "datastore_id": "datastore-69",
                            "disk.#": "1",
                            "disk.0.attach": "false",
                            "disk.0.datastore_id": "datastore-69",
                            "disk.0.device_address": "scsi:0:0",
                            "disk.0.disk_mode": "persistent",
                            "disk.0.disk_sharing": "sharingNone",
                            "disk.0.eagerly_scrub": "false",
                            "disk.0.io_limit": "-1",
                            "disk.0.io_reservation": "0",
                            "disk.0.io_share_count": "1000",
                            "disk.0.io_share_level": "normal",
                            "disk.0.keep_on_remove": "false",
                            "disk.0.key": "2000",
                            "disk.0.label": "git.vmdk",
                            "disk.0.name": "",
                            "disk.0.path": "git/git.vmdk",
                            "disk.0.size": "16",
                            "disk.0.thin_provisioned": "false",
                            "disk.0.unit_number": "0",
                            "disk.0.uuid": "6000C293-df3b-2a7c-c927-291a5b329b5d",
                            "disk.0.write_through": "false",
                            "ept_rvi_mode": "automatic",
                            "firmware": "bios",
                            "force_power_off": "true",
                            "guest_id": "centos7_64Guest",
                            "hv_mode": "hvAuto",
                            "id": "420ade7f-04eb-6c73-07a1-f893c0eba08c",
                            "memory": "8192",
                            "memory_limit": "-1",
                            "memory_share_level": "normal",
                            "migrate_wait_timeout": "30",
                            "name": "git",
                            "network_interface.#": "1",
                            "network_interface.0.adapter_type": "vmxnet3",
                            "network_interface.0.bandwidth_limit": "-1",
                            "network_interface.0.bandwidth_reservation": "0",
                            "network_interface.0.bandwidth_share_count": "0",
                            "network_interface.0.bandwidth_share_level": "normal",
                            "network_interface.0.device_address": "pci:0:7",
                            "network_interface.0.key": "4000",
                            "network_interface.0.mac_address": "",
                            "network_interface.0.network_id": "dvportgroup-165",
                            "network_interface.0.use_static_mac": "false",
                            "num_cores_per_socket": "1",
                            "num_cpus": "2",
                            "reboot_required": "true",
                            "resource_pool_id": "resgroup-181",
                            "run_tools_scripts_after_power_on": "true",
                            "run_tools_scripts_after_resume": "true",
                            "run_tools_scripts_before_guest_shutdown": "true",
                            "run_tools_scripts_before_guest_standby": "true",
                            "scsi_controller_count": "1",
                            "scsi_type": "pvscsi",
                            "shutdown_wait_timeout": "3",
                            "swap_placement_policy": "inherit",
                            "wait_for_guest_net_timeout": "5"
                        },
                        "meta": {
                            "schema_version": "3"
                        },
                        "tainted": false
                    },
                    "deposed": [],
                    "provider": "provider.vsphere"
                },
                "vsphere_virtual_machine.pfsense": {
                    "type": "vsphere_virtual_machine",
                    "depends_on": [
                        "data.vsphere_datastore.datastore",
                        "data.vsphere_network.network",
                        "data.vsphere_network.network1",
                        "data.vsphere_resource_pool.pool",
                        "data.vsphere_virtual_machine.template1"
                    ],
                    "primary": {
                        "id": "420ad345-ee60-5800-d9da-d5b8dd2761cb",
                        "attributes": {
                            "boot_retry_delay": "10000",
                            "cdrom.#": "0",
                            "clone.#": "1",
                            "clone.0.customize.#": "0",
                            "clone.0.linked_clone": "false",
                            "clone.0.template_uuid": "420a511c-e2b2-5123-92a7-d870e779fddd",
                            "clone.0.timeout": "30",
                            "cpu_limit": "-1",
                            "cpu_share_level": "normal",
                            "datastore_id": "datastore-69",
                            "disk.#": "1",
                            "disk.0.attach": "false",
                            "disk.0.datastore_id": "datastore-69",
                            "disk.0.device_address": "scsi:0:0",
                            "disk.0.disk_mode": "persistent",
                            "disk.0.disk_sharing": "sharingNone",
                            "disk.0.eagerly_scrub": "false",
                            "disk.0.io_limit": "-1",
                            "disk.0.io_reservation": "0",
                            "disk.0.io_share_count": "1000",
                            "disk.0.io_share_level": "normal",
                            "disk.0.keep_on_remove": "false",
                            "disk.0.key": "2000",
                            "disk.0.label": "pfsense.vmdk",
                            "disk.0.name": "",
                            "disk.0.path": "pfsense_2/pfsense.vmdk",
                            "disk.0.size": "15",
                            "disk.0.thin_provisioned": "false",
                            "disk.0.unit_number": "0",
                            "disk.0.uuid": "6000C290-7d57-061b-10f9-aaf41e6c2181",
                            "disk.0.write_through": "false",
                            "ept_rvi_mode": "automatic",
                            "firmware": "bios",
                            "force_power_off": "true",
                            "guest_id": "freebsd64Guest",
                            "hv_mode": "hvAuto",
                            "id": "420ad345-ee60-5800-d9da-d5b8dd2761cb",
                            "memory": "2048",
                            "memory_limit": "-1",
                            "memory_share_level": "normal",
                            "migrate_wait_timeout": "30",
                            "name": "pfsense",
                            "network_interface.#": "2",
                            "network_interface.0.adapter_type": "e1000",
                            "network_interface.0.bandwidth_limit": "-1",
                            "network_interface.0.bandwidth_reservation": "0",
                            "network_interface.0.bandwidth_share_count": "0",
                            "network_interface.0.bandwidth_share_level": "normal",
                            "network_interface.0.device_address": "pci:0:7",
                            "network_interface.0.key": "4000",
                            "network_interface.0.mac_address": "",
                            "network_interface.0.network_id": "network-64",
                            "network_interface.0.use_static_mac": "false",
                            "network_interface.1.adapter_type": "e1000",
                            "network_interface.1.bandwidth_limit": "-1",
                            "network_interface.1.bandwidth_reservation": "0",
                            "network_interface.1.bandwidth_share_count": "0",
                            "network_interface.1.bandwidth_share_level": "normal",
                            "network_interface.1.device_address": "pci:0:8",
                            "network_interface.1.key": "4001",
                            "network_interface.1.mac_address": "",
                            "network_interface.1.network_id": "dvportgroup-165",
                            "network_interface.1.use_static_mac": "false",
                            "num_cores_per_socket": "1",
                            "num_cpus": "2",
                            "reboot_required": "true",
                            "resource_pool_id": "resgroup-181",
                            "run_tools_scripts_after_power_on": "true",
                            "run_tools_scripts_after_resume": "true",
                            "run_tools_scripts_before_guest_shutdown": "true",
                            "run_tools_scripts_before_guest_standby": "true",
                            "scsi_controller_count": "1",
                            "scsi_type": "lsilogic",
                            "shutdown_wait_timeout": "3",
                            "swap_placement_policy": "inherit",
                            "wait_for_guest_net_timeout": "5"
                        },
                        "meta": {
                            "schema_version": "3"
                        },
                        "tainted": false
                    },
                    "deposed": [],
                    "provider": "provider.vsphere"
                },
                "vsphere_virtual_machine.splunk": {
                    "type": "vsphere_virtual_machine",
                    "depends_on": [
                        "data.vsphere_datastore.datastore",
                        "data.vsphere_network.network1",
                        "data.vsphere_resource_pool.pool",
                        "data.vsphere_virtual_machine.template3"
                    ],
                    "primary": {
                        "id": "420abdbb-34fa-c5d2-18a9-1cb0cb3e9443",
                        "attributes": {
                            "boot_retry_delay": "10000",
                            "cdrom.#": "0",
                            "clone.#": "1",
                            "clone.0.customize.#": "0",
                            "clone.0.linked_clone": "false",
                            "clone.0.template_uuid": "420a462b-457a-73ae-b67a-cdbd3478ee07",
                            "clone.0.timeout": "30",
                            "cpu_limit": "-1",
                            "cpu_share_level": "normal",
                            "datastore_id": "datastore-69",
                            "disk.#": "1",
                            "disk.0.attach": "false",
                            "disk.0.datastore_id": "datastore-69",
                            "disk.0.device_address": "scsi:0:0",
                            "disk.0.disk_mode": "persistent",
                            "disk.0.disk_sharing": "sharingNone",
                            "disk.0.eagerly_scrub": "false",
                            "disk.0.io_limit": "-1",
                            "disk.0.io_reservation": "0",
                            "disk.0.io_share_count": "1000",
                            "disk.0.io_share_level": "normal",
                            "disk.0.keep_on_remove": "false",
                            "disk.0.key": "2000",
                            "disk.0.label": "splunk.vmdk",
                            "disk.0.name": "",
                            "disk.0.path": "splunk/splunk.vmdk",
                            "disk.0.size": "20",
                            "disk.0.thin_provisioned": "false",
                            "disk.0.unit_number": "0",
                            "disk.0.uuid": "6000C292-e026-74fb-2509-6a9b18148b0c",
                            "disk.0.write_through": "false",
                            "ept_rvi_mode": "automatic",
                            "firmware": "bios",
                            "force_power_off": "true",
                            "guest_id": "centos7_64Guest",
                            "hv_mode": "hvAuto",
                            "id": "420abdbb-34fa-c5d2-18a9-1cb0cb3e9443",
                            "memory": "4096",
                            "memory_limit": "-1",
                            "memory_share_level": "normal",
                            "migrate_wait_timeout": "30",
                            "name": "splunk",
                            "network_interface.#": "1",
                            "network_interface.0.adapter_type": "vmxnet3",
                            "network_interface.0.bandwidth_limit": "-1",
                            "network_interface.0.bandwidth_reservation": "0",
                            "network_interface.0.bandwidth_share_count": "0",
                            "network_interface.0.bandwidth_share_level": "normal",
                            "network_interface.0.device_address": "pci:0:7",
                            "network_interface.0.key": "4000",
                            "network_interface.0.mac_address": "",
                            "network_interface.0.network_id": "dvportgroup-165",
                            "network_interface.0.use_static_mac": "false",
                            "num_cores_per_socket": "1",
                            "num_cpus": "2",
                            "reboot_required": "true",
                            "resource_pool_id": "resgroup-181",
                            "run_tools_scripts_after_power_on": "true",
                            "run_tools_scripts_after_resume": "true",
                            "run_tools_scripts_before_guest_shutdown": "true",
                            "run_tools_scripts_before_guest_standby": "true",
                            "scsi_controller_count": "1",
                            "scsi_type": "pvscsi",
                            "shutdown_wait_timeout": "3",
                            "swap_placement_policy": "inherit",
                            "wait_for_guest_net_timeout": "5"
                        },
                        "meta": {
                            "schema_version": "3"
                        },
                        "tainted": false
                    },
                    "deposed": [],
                    "provider": "provider.vsphere"
                },
                "vsphere_virtual_machine.ubuntu": {
                    "type": "vsphere_virtual_machine",
                    "depends_on": [
                        "data.vsphere_datastore.datastore",
                        "data.vsphere_network.network1",
                        "data.vsphere_resource_pool.pool",
                        "data.vsphere_virtual_machine.template"
                    ],
                    "primary": {
                        "id": "420aa2c7-c4e1-3b8a-7664-77979599b439",
                        "attributes": {
                            "boot_retry_delay": "10000",
                            "cdrom.#": "0",
                            "clone.#": "1",
                            "clone.0.customize.#": "0",
                            "clone.0.linked_clone": "false",
                            "clone.0.template_uuid": "420ab449-a28c-b858-1acd-fb365282de64",
                            "clone.0.timeout": "30",
                            "cpu_limit": "-1",
                            "cpu_share_level": "normal",
                            "datastore_id": "datastore-69",
                            "disk.#": "1",
                            "disk.0.attach": "false",
                            "disk.0.datastore_id": "datastore-69",
                            "disk.0.device_address": "scsi:0:0",
                            "disk.0.disk_mode": "persistent",
                            "disk.0.disk_sharing": "sharingNone",
                            "disk.0.eagerly_scrub": "false",
                            "disk.0.io_limit": "-1",
                            "disk.0.io_reservation": "0",
                            "disk.0.io_share_count": "1000",
                            "disk.0.io_share_level": "normal",
                            "disk.0.keep_on_remove": "false",
                            "disk.0.key": "2000",
                            "disk.0.label": "ubuntu.vmdk",
                            "disk.0.name": "",
                            "disk.0.path": "ubuntu/ubuntu.vmdk",
                            "disk.0.size": "16",
                            "disk.0.thin_provisioned": "false",
                            "disk.0.unit_number": "0",
                            "disk.0.uuid": "6000C29e-11c3-173b-bf77-e73190191135",
                            "disk.0.write_through": "false",
                            "ept_rvi_mode": "automatic",
                            "firmware": "bios",
                            "force_power_off": "true",
                            "guest_id": "ubuntu64Guest",
                            "hv_mode": "hvAuto",
                            "id": "420aa2c7-c4e1-3b8a-7664-77979599b439",
                            "memory": "2048",
                            "memory_limit": "-1",
                            "memory_share_level": "normal",
                            "migrate_wait_timeout": "30",
                            "name": "ubuntu",
                            "network_interface.#": "1",
                            "network_interface.0.adapter_type": "vmxnet3",
                            "network_interface.0.bandwidth_limit": "-1",
                            "network_interface.0.bandwidth_reservation": "0",
                            "network_interface.0.bandwidth_share_count": "0",
                            "network_interface.0.bandwidth_share_level": "normal",
                            "network_interface.0.device_address": "pci:0:7",
                            "network_interface.0.key": "4000",
                            "network_interface.0.mac_address": "",
                            "network_interface.0.network_id": "dvportgroup-165",
                            "network_interface.0.use_static_mac": "false",
                            "num_cores_per_socket": "1",
                            "num_cpus": "1",
                            "reboot_required": "true",
                            "resource_pool_id": "resgroup-181",
                            "run_tools_scripts_after_power_on": "true",
                            "run_tools_scripts_after_resume": "true",
                            "run_tools_scripts_before_guest_shutdown": "true",
                            "run_tools_scripts_before_guest_standby": "true",
                            "scsi_controller_count": "1",
                            "scsi_type": "lsilogic",
                            "shutdown_wait_timeout": "3",
                            "swap_placement_policy": "inherit",
                            "wait_for_guest_net_timeout": "5"
                        },
                        "meta": {
                            "schema_version": "3"
                        },
                        "tainted": false
                    },
                    "deposed": [],
                    "provider": "provider.vsphere"
                },
                "vsphere_virtual_machine.web": {
                    "type": "vsphere_virtual_machine",
                    "depends_on": [
                        "data.vsphere_datastore.datastore",
                        "data.vsphere_network.network1",
                        "data.vsphere_resource_pool.pool",
                        "data.vsphere_virtual_machine.template4"
                    ],
                    "primary": {
                        "id": "420a5407-9f3e-65f9-8f58-ee35c14272d1",
                        "attributes": {
                            "boot_retry_delay": "10000",
                            "cdrom.#": "0",
                            "clone.#": "1",
                            "clone.0.customize.#": "0",
                            "clone.0.linked_clone": "false",
                            "clone.0.template_uuid": "420a2526-a3df-96e4-f8f9-84de03fed468",
                            "clone.0.timeout": "30",
                            "cpu_limit": "-1",
                            "cpu_share_level": "normal",
                            "datastore_id": "datastore-69",
                            "disk.#": "1",
                            "disk.0.attach": "false",
                            "disk.0.datastore_id": "datastore-69",
                            "disk.0.device_address": "scsi:0:0",
                            "disk.0.disk_mode": "persistent",
                            "disk.0.disk_sharing": "sharingNone",
                            "disk.0.eagerly_scrub": "false",
                            "disk.0.io_limit": "-1",
                            "disk.0.io_reservation": "0",
                            "disk.0.io_share_count": "1000",
                            "disk.0.io_share_level": "normal",
                            "disk.0.keep_on_remove": "false",
                            "disk.0.key": "2000",
                            "disk.0.label": "web.vmdk",
                            "disk.0.name": "",
                            "disk.0.path": "web/web.vmdk",
                            "disk.0.size": "16",
                            "disk.0.thin_provisioned": "false",
                            "disk.0.unit_number": "0",
                            "disk.0.uuid": "6000C298-fc14-1684-efed-0ea47cbcfeeb",
                            "disk.0.write_through": "false",
                            "ept_rvi_mode": "automatic",
                            "firmware": "bios",
                            "force_power_off": "true",
                            "guest_id": "centos7_64Guest",
                            "hv_mode": "hvAuto",
                            "id": "420a5407-9f3e-65f9-8f58-ee35c14272d1",
                            "memory": "2048",
                            "memory_limit": "-1",
                            "memory_share_level": "normal",
                            "migrate_wait_timeout": "30",
                            "name": "web",
                            "network_interface.#": "1",
                            "network_interface.0.adapter_type": "vmxnet3",
                            "network_interface.0.bandwidth_limit": "-1",
                            "network_interface.0.bandwidth_reservation": "0",
                            "network_interface.0.bandwidth_share_count": "0",
                            "network_interface.0.bandwidth_share_level": "normal",
                            "network_interface.0.device_address": "pci:0:7",
                            "network_interface.0.key": "4000",
                            "network_interface.0.mac_address": "",
                            "network_interface.0.network_id": "dvportgroup-165",
                            "network_interface.0.use_static_mac": "false",
                            "num_cores_per_socket": "1",
                            "num_cpus": "1",
                            "reboot_required": "true",
                            "resource_pool_id": "resgroup-181",
                            "run_tools_scripts_after_power_on": "true",
                            "run_tools_scripts_after_resume": "true",
                            "run_tools_scripts_before_guest_shutdown": "true",
                            "run_tools_scripts_before_guest_standby": "true",
                            "scsi_controller_count": "1",
                            "scsi_type": "pvscsi",
                            "shutdown_wait_timeout": "3",
                            "swap_placement_policy": "inherit",
                            "wait_for_guest_net_timeout": "5"
                        },
                        "meta": {
                            "schema_version": "3"
                        },
                        "tainted": false
                    },
                    "deposed": [],
                    "provider": "provider.vsphere"
                }
            },
            "depends_on": []
        }
    ]
}
